{
  "requires": true,
  "lockfileVersion": 1,
  "dependencies": {
    "diff": {
      "version": "3.5.0",
      "resolved": "https://registry.npmjs.org/diff/-/diff-3.5.0.tgz",
      "integrity": "sha512-A46qtFgd+g7pDZinpnwiRJtxbC1hpgf0uzP3iG89scHk0AUC7A1TGxf5OiiOUv/JMZR8GOt8hL900hV0bOy5xA=="
    },
    "pngjs": {
      "version": "3.3.3",
      "resolved": "https://registry.npmjs.org/pngjs/-/pngjs-3.3.3.tgz",
      "integrity": "sha512-1n3Z4p3IOxArEs1VRXnZ/RXdfEniAUS9jb68g58FIXMNkPJeZd+Qh4Uq7/e0LVxAQGos1eIUrqrt4FpjdnEd+Q=="
    }
  }
}
